
Microsoft Visual Studio Solution File, Format Version 12.00
# Visual Studio Version 17
VisualStudioVersion = 17.1.32407.343
MinimumVisualStudioVersion = 10.0.40219.1
Project("{FAE04EC0-301F-11D3-BF4B-00C04F79EFBC}") = "Metronomer", "Metronomer\Metronomer.csproj", "{F96F290C-B555-4102-9C71-EA7052757F1E}"
EndProject
Global
	GlobalSection(SolutionConfigurationPlatforms) = preSolution
		Debug|Any CPU = Debug|Any CPU
		Release|Any CPU = Release|Any CPU
	EndGlobalSection
	GlobalSection(ProjectConfigurationPlatforms) = postSolution
		{F96F290C-B555-4102-9C71-EA7052757F1E}.Debug|Any CPU.ActiveCfg = Debug|Any CPU
		{F96F290C-B555-4102-9C71-EA7052757F1E}.Debug|Any CPU.Build.0 = Debug|Any CPU
		{F96F290C-B555-4102-9C71-EA7052757F1E}.Release|Any CPU.ActiveCfg = Release|Any CPU
		{F96F290C-B555-4102-9C71-EA7052757F1E}.Release|Any CPU.Build.0 = Release|Any CPU
	EndGlobalSection
	GlobalSection(SolutionProperties) = preSolution
		HideSolutionNode = FALSE
	EndGlobalSection
	GlobalSection(ExtensibilityGlobals) = postSolution
		SolutionGuid = {58C28680-A4E8-4596-AB7F-352CDE54AA2A}
	EndGlobalSection
EndGlobal
